
Microsoft Visual Studio Solution File, Format Version 12.00
# Visual Studio Version 16
VisualStudioVersion = 16.0.32510.428
MinimumVisualStudioVersion = 10.0.40219.1
Project("{FAE04EC0-301F-11D3-BF4B-00C04F79EFBC}") = "ExerciciosJefteArray", "ExerciciosJefte\ExerciciosJefteArray.csproj", "{5DEE0CAC-B7AE-437F-B9D1-DC0E410E5E50}"
EndProject
Global
	GlobalSection(SolutionConfigurationPlatforms) = preSolution
		Debug|Any CPU = Debug|Any CPU
		Release|Any CPU = Release|Any CPU
	EndGlobalSection
	GlobalSection(ProjectConfigurationPlatforms) = postSolution
		{5DEE0CAC-B7AE-437F-B9D1-DC0E410E5E50}.Debug|Any CPU.ActiveCfg = Debug|Any CPU
		{5DEE0CAC-B7AE-437F-B9D1-DC0E410E5E50}.Debug|Any CPU.Build.0 = Debug|Any CPU
		{5DEE0CAC-B7AE-437F-B9D1-DC0E410E5E50}.Release|Any CPU.ActiveCfg = Release|Any CPU
		{5DEE0CAC-B7AE-437F-B9D1-DC0E410E5E50}.Release|Any CPU.Build.0 = Release|Any CPU
	EndGlobalSection
	GlobalSection(SolutionProperties) = preSolution
		HideSolutionNode = FALSE
	EndGlobalSection
	GlobalSection(ExtensibilityGlobals) = postSolution
		SolutionGuid = {3F520E49-CF2D-407B-8BE0-B3C40FCBDACB}
	EndGlobalSection
EndGlobal
